// !$*UTF8*$!
{
	archiveVersion = 1;
	classes = {
	};
	objectVersion = 46;
	objects = {

/* Begin PBXBuildFile section */
		AFE0B2F51D395FB700EE034E /* main.m in Sources */ = {isa = PBXBuildFile; fileRef = AFE0B2F41D395FB700EE034E /* main.m */; };
		AFE0B2F81D395FB700EE034E /* AppDelegate.m in Sources */ = {isa = PBXBuildFile; fileRef = AFE0B2F71D395FB700EE034E /* AppDelegate.m */; };
		AFE0B2FB1D395FB700EE034E /* ViewController.m in Sources */ = {isa = PBXBuildFile; fileRef = AFE0B2FA1D395FB700EE034E /* ViewController.m */; };
		AFE0B2FE1D395FB700EE034E /* Main.storyboard in Resources */ = {isa = PBXBuildFile; fileRef = AFE0B2FC1D395FB700EE034E /* Main.storyboard */; };
		AFE0B3001D395FB700EE034E /* Assets.xcassets in Resources */ = {isa = PBXBuildFile; fileRef = AFE0B2FF1D395FB700EE034E /* Assets.xcassets */; };
		AFE0B3031D395FB700EE034E /* LaunchScreen.storyboard in Resources */ = {isa = PBXBuildFile; fileRef = AFE0B3011D395FB700EE034E /* LaunchScreen.storyboard */; };
		AFE0B31D1D395FEB00EE034E /* Card.m in Sources */ = {isa = PBXBuildFile; fileRef = AFE0B31A1D395FEB00EE034E /* Card.m */; };
		AFE0B31E1D395FEB00EE034E /* Deck.m in Sources */ = {isa = PBXBuildFile; fileRef = AFE0B31C1D395FEB00EE034E /* Deck.m */; };
		AFE0B3221D3960CB00EE034E /* CardTests.m in Sources */ = {isa = PBXBuildFile; fileRef = AFE0B3201D3960CB00EE034E /* CardTests.m */; };
		AFE0B3231D3960CB00EE034E /* DeckTests.m in Sources */ = {isa = PBXBuildFile; fileRef = AFE0B3211D3960CB00EE034E /* DeckTests.m */; };
/* End PBXBuildFile section */

/* Begin PBXContainerItemProxy section */
		AFE0B30A1D395FB700EE034E /* PBXContainerItemProxy */ = {
			isa = PBXContainerItemProxy;
			containerPortal = AFE0B2E81D395FB700EE034E /* Project object */;
			proxyType = 1;
			remoteGlobalIDString = AFE0B2EF1D395FB700EE034E;
			remoteInfo = DeckOfCards;
		};
/* End PBXContainerItemProxy section */

/* Begin PBXFileReference section */
		AFE0B2F01D395FB700EE034E /* DeckOfCards.app */ = {isa = PBXFileReference; explicitFileType = wrapper.application; includeInIndex = 0; path = DeckOfCards.app; sourceTree = BUILT_PRODUCTS_DIR; };
		AFE0B2F41D395FB700EE034E /* main.m */ = {isa = PBXFileReference; lastKnownFileType = sourcecode.c.objc; path = main.m; sourceTree = "<group>"; };
		AFE0B2F61D395FB700EE034E /* AppDelegate.h */ = {isa = PBXFileReference; lastKnownFileType = sourcecode.c.h; path = AppDelegate.h; sourceTree = "<group>"; };
		AFE0B2F71D395FB700EE034E /* AppDelegate.m */ = {isa = PBXFileReference; lastKnownFileType = sourcecode.c.objc; path = AppDelegate.m; sourceTree = "<group>"; };
		AFE0B2F91D395FB700EE034E /* ViewController.h */ = {isa = PBXFileReference; lastKnownFileType = sourcecode.c.h; path = ViewController.h; sourceTree = "<group>"; };
		AFE0B2FA1D395FB700EE034E /* ViewController.m */ = {isa = PBXFileReference; lastKnownFileType = sourcecode.c.objc; path = ViewController.m; sourceTree = "<group>"; };
		AFE0B2FD1D395FB700EE034E /* Base */ = {isa = PBXFileReference; lastKnownFileType = file.storyboard; name = Base; path = Base.lproj/Main.storyboard; sourceTree = "<group>"; };
		AFE0B2FF1D395FB700EE034E /* Assets.xcassets */ = {isa = PBXFileReference; lastKnownFileType = folder.assetcatalog; path = Assets.xcassets; sourceTree = "<group>"; };
		AFE0B3021D395FB700EE034E /* Base */ = {isa = PBXFileReference; lastKnownFileType = file.storyboard; name = Base; path = Base.lproj/LaunchScreen.storyboard; sourceTree = "<group>"; };
		AFE0B3041D395FB700EE034E /* Info.plist */ = {isa = PBXFileReference; lastKnownFileType = text.plist.xml; path = Info.plist; sourceTree = "<group>"; };
		AFE0B3091D395FB700EE034E /* DeckOfCardsTests.xctest */ = {isa = PBXFileReference; explicitFileType = wrapper.cfbundle; includeInIndex = 0; path = DeckOfCardsTests.xctest; sourceTree = BUILT_PRODUCTS_DIR; };
		AFE0B30F1D395FB700EE034E /* Info.plist */ = {isa = PBXFileReference; lastKnownFileType = text.plist.xml; path = Info.plist; sourceTree = "<group>"; };
		AFE0B3191D395FEB00EE034E /* Card.h */ = {isa = PBXFileReference; fileEncoding = 4; lastKnownFileType = sourcecode.c.h; name = Card.h; path = Classes/Card.h; sourceTree = "<group>"; };
		AFE0B31A1D395FEB00EE034E /* Card.m */ = {isa = PBXFileReference; fileEncoding = 4; lastKnownFileType = sourcecode.c.objc; name = Card.m; path = Classes/Card.m; sourceTree = "<group>"; };
		AFE0B31B1D395FEB00EE034E /* Deck.h */ = {isa = PBXFileReference; fileEncoding = 4; lastKnownFileType = sourcecode.c.h; name = Deck.h; path = Classes/Deck.h; sourceTree = "<group>"; };
		AFE0B31C1D395FEB00EE034E /* Deck.m */ = {isa = PBXFileReference; fileEncoding = 4; lastKnownFileType = sourcecode.c.objc; name = Deck.m; path = Classes/Deck.m; sourceTree = "<group>"; };
		AFE0B3201D3960CB00EE034E /* CardTests.m */ = {isa = PBXFileReference; fileEncoding = 4; lastKnownFileType = sourcecode.c.objc; name = CardTests.m; path = Classes/CardTests.m; sourceTree = "<group>"; };
		AFE0B3211D3960CB00EE034E /* DeckTests.m */ = {isa = PBXFileReference; fileEncoding = 4; lastKnownFileType = sourcecode.c.objc; name = DeckTests.m; path = Classes/DeckTests.m; sourceTree = "<group>"; };
/* End PBXFileReference section */

/* Begin PBXFrameworksBuildPhase section */
		AFE0B2ED1D395FB700EE034E /* Frameworks */ = {
			isa = PBXFrameworksBuildPhase;
			buildActionMask = 2147483647;
			files = (
			);
			runOnlyForDeploymentPostprocessing = 0;
		};
		AFE0B3061D395FB700EE034E /* Frameworks */ = {
			isa = PBXFrameworksBuildPhase;
			buildActionMask = 2147483647;
			files = (
			);
			runOnlyForDeploymentPostprocessing = 0;
		};
/* End PBXFrameworksBuildPhase section */

/* Begin PBXGroup section */
		AFE0B2E71D395FB700EE034E = {
			isa = PBXGroup;
			children = (
				AFE0B2F21D395FB700EE034E /* DeckOfCards */,
				AFE0B30C1D395FB700EE034E /* DeckOfCardsTests */,
				AFE0B2F11D395FB700EE034E /* Products */,
			);
			sourceTree = "<group>";
		};
		AFE0B2F11D395FB700EE034E /* Products */ = {
			isa = PBXGroup;
			children = (
				AFE0B2F01D395FB700EE034E /* DeckOfCards.app */,
				AFE0B3091D395FB700EE034E /* DeckOfCardsTests.xctest */,
			);
			name = Products;
			sourceTree = "<group>";
		};
		AFE0B2F21D395FB700EE034E /* DeckOfCards */ = {
			isa = PBXGroup;
			children = (
				AFE0B3181D395FD300EE034E /* Classes */,
				AFE0B2F61D395FB700EE034E /* AppDelegate.h */,
				AFE0B2F71D395FB700EE034E /* AppDelegate.m */,
				AFE0B2F91D395FB700EE034E /* ViewController.h */,
				AFE0B2FA1D395FB700EE034E /* ViewController.m */,
				AFE0B2FC1D395FB700EE034E /* Main.storyboard */,
				AFE0B2FF1D395FB700EE034E /* Assets.xcassets */,
				AFE0B3011D395FB700EE034E /* LaunchScreen.storyboard */,
				AFE0B3041D395FB700EE034E /* Info.plist */,
				AFE0B2F31D395FB700EE034E /* Supporting Files */,
			);
			path = DeckOfCards;
			sourceTree = "<group>";
		};
		AFE0B2F31D395FB700EE034E /* Supporting Files */ = {
			isa = PBXGroup;
			children = (
				AFE0B2F41D395FB700EE034E /* main.m */,
			);
			name = "Supporting Files";
			sourceTree = "<group>";
		};
		AFE0B30C1D395FB700EE034E /* DeckOfCardsTests */ = {
			isa = PBXGroup;
			children = (
				AFE0B31F1D3960AB00EE034E /* Classes */,
				AFE0B30F1D395FB700EE034E /* Info.plist */,
			);
			path = DeckOfCardsTests;
			sourceTree = "<group>";
		};
		AFE0B3181D395FD300EE034E /* Classes */ = {
			isa = PBXGroup;
			children = (
				AFE0B3191D395FEB00EE034E /* Card.h */,
				AFE0B31A1D395FEB00EE034E /* Card.m */,
				AFE0B31B1D395FEB00EE034E /* Deck.h */,
				AFE0B31C1D395FEB00EE034E /* Deck.m */,
			);
			name = Classes;
			sourceTree = "<group>";
		};
		AFE0B31F1D3960AB00EE034E /* Classes */ = {
			isa = PBXGroup;
			children = (
				AFE0B3201D3960CB00EE034E /* CardTests.m */,
				AFE0B3211D3960CB00EE034E /* DeckTests.m */,
			);
			name = Classes;
			sourceTree = "<group>";
		};
/* End PBXGroup section */

/* Begin PBXNativeTarget section */
		AFE0B2EF1D395FB700EE034E /* DeckOfCards */ = {
			isa = PBXNativeTarget;
			buildConfigurationList = AFE0B3121D395FB700EE034E /* Build configuration list for PBXNativeTarget "DeckOfCards" */;
			buildPhases = (
				AFE0B2EC1D395FB700EE034E /* Sources */,
				AFE0B2ED1D395FB700EE034E /* Frameworks */,
				AFE0B2EE1D395FB700EE034E /* Resources */,
			);
			buildRules = (
			);
			dependencies = (
			);
			name = DeckOfCards;
			productName = DeckOfCards;
			productReference = AFE0B2F01D395FB700EE034E /* DeckOfCards.app */;
			productType = "com.apple.product-type.application";
		};
		AFE0B3081D395FB700EE034E /* DeckOfCardsTests */ = {
			isa = PBXNativeTarget;
			buildConfigurationList = AFE0B3151D395FB700EE034E /* Build configuration list for PBXNativeTarget "DeckOfCardsTests" */;
			buildPhases = (
				AFE0B3051D395FB700EE034E /* Sources */,
				AFE0B3061D395FB700EE034E /* Frameworks */,
				AFE0B3071D395FB700EE034E /* Resources */,
			);
			buildRules = (
			);
			dependencies = (
				AFE0B30B1D395FB700EE034E /* PBXTargetDependency */,
			);
			name = DeckOfCardsTests;
			productName = DeckOfCardsTests;
			productReference = AFE0B3091D395FB700EE034E /* DeckOfCardsTests.xctest */;
			productType = "com.apple.product-type.bundle.unit-test";
		};
/* End PBXNativeTarget section */

/* Begin PBXProject section */
		AFE0B2E81D395FB700EE034E /* Project object */ = {
			isa = PBXProject;
			attributes = {
				LastUpgradeCheck = 0730;
				TargetAttributes = {
					AFE0B2EF1D395FB700EE034E = {
						CreatedOnToolsVersion = 7.3.1;
					};
					AFE0B3081D395FB700EE034E = {
						CreatedOnToolsVersion = 7.3.1;
						TestTargetID = AFE0B2EF1D395FB700EE034E;
					};
				};
			};
			buildConfigurationList = AFE0B2EB1D395FB700EE034E /* Build configuration list for PBXProject "DeckOfCards" */;
			compatibilityVersion = "Xcode 3.2";
			developmentRegion = English;
			hasScannedForEncodings = 0;
			knownRegions = (
				en,
				Base,
			);
			mainGroup = AFE0B2E71D395FB700EE034E;
			productRefGroup = AFE0B2F11D395FB700EE034E /* Products */;
			projectDirPath = "";
			projectRoot = "";
			targets = (
				AFE0B2EF1D395FB700EE034E /* DeckOfCards */,
				AFE0B3081D395FB700EE034E /* DeckOfCardsTests */,
			);
		};
/* End PBXProject section */

/* Begin PBXResourcesBuildPhase section */
		AFE0B2EE1D395FB700EE034E /* Resources */ = {
			isa = PBXResourcesBuildPhase;
			buildActionMask = 2147483647;
			files = (
				AFE0B3031D395FB700EE034E /* LaunchScreen.storyboard in Resources */,
				AFE0B3001D395FB700EE034E /* Assets.xcassets in Resources */,
				AFE0B2FE1D395FB700EE034E /* Main.storyboard in Resources */,
			);
			runOnlyForDeploymentPostprocessing = 0;
		};
		AFE0B3071D395FB700EE034E /* Resources */ = {
			isa = PBXResourcesBuildPhase;
			buildActionMask = 2147483647;
			files = (
			);
			runOnlyForDeploymentPostprocessing = 0;
		};
/* End PBXResourcesBuildPhase section */

/* Begin PBXSourcesBuildPhase section */
		AFE0B2EC1D395FB700EE034E /* Sources */ = {
			isa = PBXSourcesBuildPhase;
			buildActionMask = 2147483647;
			files = (
				AFE0B31E1D395FEB00EE034E /* Deck.m in Sources */,
				AFE0B2FB1D395FB700EE034E /* ViewController.m in Sources */,
				AFE0B2F81D395FB700EE034E /* AppDelegate.m in Sources */,
				AFE0B2F51D395FB700EE034E /* main.m in Sources */,
				AFE0B31D1D395FEB00EE034E /* Card.m in Sources */,
			);
			runOnlyForDeploymentPostprocessing = 0;
		};
		AFE0B3051D395FB700EE034E /* Sources */ = {
			isa = PBXSourcesBuildPhase;
			buildActionMask = 2147483647;
			files = (
				AFE0B3231D3960CB00EE034E /* DeckTests.m in Sources */,
				AFE0B3221D3960CB00EE034E /* CardTests.m in Sources */,
			);
			runOnlyForDeploymentPostprocessing = 0;
		};
/* End PBXSourcesBuildPhase section */

/* Begin PBXTargetDependency section */
		AFE0B30B1D395FB700EE034E /* PBXTargetDependency */ = {
			isa = PBXTargetDependency;
			target = AFE0B2EF1D395FB700EE034E /* DeckOfCards */;
			targetProxy = AFE0B30A1D395FB700EE034E /* PBXContainerItemProxy */;
		};
/* End PBXTargetDependency section */

/* Begin PBXVariantGroup section */
		AFE0B2FC1D395FB700EE034E /* Main.storyboard */ = {
			isa = PBXVariantGroup;
			children = (
				AFE0B2FD1D395FB700EE034E /* Base */,
			);
			name = Main.storyboard;
			sourceTree = "<group>";
		};
		AFE0B3011D395FB700EE034E /* LaunchScreen.storyboard */ = {
			isa = PBXVariantGroup;
			children = (
				AFE0B3021D395FB700EE034E /* Base */,
			);
			name = LaunchScreen.storyboard;
			sourceTree = "<group>";
		};
/* End PBXVariantGroup section */

/* Begin XCBuildConfiguration section */
		AFE0B3101D395FB700EE034E /* Debug */ = {
			isa = XCBuildConfiguration;
			buildSettings = {
				ALWAYS_SEARCH_USER_PATHS = NO;
				CLANG_ANALYZER_NONNULL = YES;
				CLANG_CXX_LANGUAGE_STANDARD = "gnu++0x";
				CLANG_CXX_LIBRARY = "libc++";
				CLANG_ENABLE_MODULES = YES;
				CLANG_ENABLE_OBJC_ARC = YES;
				CLANG_WARN_BOOL_CONVERSION = YES;
				CLANG_WARN_CONSTANT_CONVERSION = YES;
				CLANG_WARN_DIRECT_OBJC_ISA_USAGE = YES_ERROR;
				CLANG_WARN_EMPTY_BODY = YES;
				CLANG_WARN_ENUM_CONVERSION = YES;
				CLANG_WARN_INT_CONVERSION = YES;
				CLANG_WARN_OBJC_ROOT_CLASS = YES_ERROR;
				CLANG_WARN_UNREACHABLE_CODE = YES;
				CLANG_WARN__DUPLICATE_METHOD_MATCH = YES;
				"CODE_SIGN_IDENTITY[sdk=iphoneos*]" = "iPhone Developer";
				COPY_PHASE_STRIP = NO;
				DEBUG_INFORMATION_FORMAT = dwarf;
				ENABLE_STRICT_OBJC_MSGSEND = YES;
				ENABLE_TESTABILITY = YES;
				GCC_C_LANGUAGE_STANDARD = gnu99;
				GCC_DYNAMIC_NO_PIC = NO;
				GCC_NO_COMMON_BLOCKS = YES;
				GCC_OPTIMIZATION_LEVEL = 0;
				GCC_PREPROCESSOR_DEFINITIONS = (
					"DEBUG=1",
					"$(inherited)",
				);
				GCC_WARN_64_TO_32_BIT_CONVERSION = YES;
				GCC_WARN_ABOUT_RETURN_TYPE = YES_ERROR;
				GCC_WARN_UNDECLARED_SELECTOR = YES;
				GCC_WARN_UNINITIALIZED_AUTOS = YES_AGGRESSIVE;
				GCC_WARN_UNUSED_FUNCTION = YES;
				GCC_WARN_UNUSED_VARIABLE = YES;
				IPHONEOS_DEPLOYMENT_TARGET = 9.3;
				MTL_ENABLE_DEBUG_INFO = YES;
				ONLY_ACTIVE_ARCH = YES;
				SDKROOT = iphoneos;
				TARGETED_DEVICE_FAMILY = "1,2";
			};
			name = Debug;
		};
		AFE0B3111D395FB700EE034E /* Release */ = {
			isa = XCBuildConfiguration;
			buildSettings = {
				ALWAYS_SEARCH_USER_PATHS = NO;
				CLANG_ANALYZER_NONNULL = YES;
				CLANG_CXX_LANGUAGE_STANDARD = "gnu++0x";
				CLANG_CXX_LIBRARY = "libc++";
				CLANG_ENABLE_MODULES = YES;
				CLANG_ENABLE_OBJC_ARC = YES;
				CLANG_WARN_BOOL_CONVERSION = YES;
				CLANG_WARN_CONSTANT_CONVERSION = YES;
				CLANG_WARN_DIRECT_OBJC_ISA_USAGE = YES_ERROR;
				CLANG_WARN_EMPTY_BODY = YES;
				CLANG_WARN_ENUM_CONVERSION = YES;
				CLANG_WARN_INT_CONVERSION = YES;
				CLANG_WARN_OBJC_ROOT_CLASS = YES_ERROR;
				CLANG_WARN_UNREACHABLE_CODE = YES;
				CLANG_WARN__DUPLICATE_METHOD_MATCH = YES;
				"CODE_SIGN_IDENTITY[sdk=iphoneos*]" = "iPhone Developer";
				COPY_PHASE_STRIP = NO;
				DEBUG_INFORMATION_FORMAT = "dwarf-with-dsym";
				ENABLE_NS_ASSERTIONS = NO;
				ENABLE_STRICT_OBJC_MSGSEND = YES;
				GCC_C_LANGUAGE_STANDARD = gnu99;
				GCC_NO_COMMON_BLOCKS = YES;
				GCC_WARN_64_TO_32_BIT_CONVERSION = YES;
				GCC_WARN_ABOUT_RETURN_TYPE = YES_ERROR;
				GCC_WARN_UNDECLARED_SELECTOR = YES;
				GCC_WARN_UNINITIALIZED_AUTOS = YES_AGGRESSIVE;
				GCC_WARN_UNUSED_FUNCTION = YES;
				GCC_WARN_UNUSED_VARIABLE = YES;
				IPHONEOS_DEPLOYMENT_TARGET = 9.3;
				MTL_ENABLE_DEBUG_INFO = NO;
				SDKROOT = iphoneos;
				TARGETED_DEVICE_FAMILY = "1,2";
				VALIDATE_PRODUCT = YES;
			};
			name = Release;
		};
		AFE0B3131D395FB700EE034E /* Debug */ = {
			isa = XCBuildConfiguration;
			buildSettings = {
				ASSETCATALOG_COMPILER_APPICON_NAME = AppIcon;
				INFOPLIST_FILE = DeckOfCards/Info.plist;
				IPHONEOS_DEPLOYMENT_TARGET = 8.1;
				LD_RUNPATH_SEARCH_PATHS = "$(inherited) @executable_path/Frameworks";
				PRODUCT_BUNDLE_IDENTIFIER = com.aprearo.DeckOfCards;
				PRODUCT_NAME = "$(TARGET_NAME)";
			};
			name = Debug;
		};
		AFE0B3141D395FB700EE034E /* Release */ = {
			isa = XCBuildConfiguration;
			buildSettings = {
				ASSETCATALOG_COMPILER_APPICON_NAME = AppIcon;
				INFOPLIST_FILE = DeckOfCards/Info.plist;
				IPHONEOS_DEPLOYMENT_TARGET = 8.1;
				LD_RUNPATH_SEARCH_PATHS = "$(inherited) @executable_path/Frameworks";
				PRODUCT_BUNDLE_IDENTIFIER = com.aprearo.DeckOfCards;
				PRODUCT_NAME = "$(TARGET_NAME)";
			};
			name = Release;
		};
		AFE0B3161D395FB700EE034E /* Debug */ = {
			isa = XCBuildConfiguration;
			buildSettings = {
				BUNDLE_LOADER = "$(TEST_HOST)";
				INFOPLIST_FILE = DeckOfCardsTests/Info.plist;
				LD_RUNPATH_SEARCH_PATHS = "$(inherited) @executable_path/Frameworks @loader_path/Frameworks";
				PRODUCT_BUNDLE_IDENTIFIER = com.aprearo.DeckOfCardsTests;
				PRODUCT_NAME = "$(TARGET_NAME)";
				TEST_HOST = "$(BUILT_PRODUCTS_DIR)/DeckOfCards.app/DeckOfCards";
			};
			name = Debug;
		};
		AFE0B3171D395FB700EE034E /* Release */ = {
			isa = XCBuildConfiguration;
			buildSettings = {
				BUNDLE_LOADER = "$(TEST_HOST)";
				INFOPLIST_FILE = DeckOfCardsTests/Info.plist;
				LD_RUNPATH_SEARCH_PATHS = "$(inherited) @executable_path/Frameworks @loader_path/Frameworks";
				PRODUCT_BUNDLE_IDENTIFIER = com.aprearo.DeckOfCardsTests;
				PRODUCT_NAME = "$(TARGET_NAME)";
				TEST_HOST = "$(BUILT_PRODUCTS_DIR)/DeckOfCards.app/DeckOfCards";
			};
			name = Release;
		};
/* End XCBuildConfiguration section */

/* Begin XCConfigurationList section */
		AFE0B2EB1D395FB700EE034E /* Build configuration list for PBXProject "DeckOfCards" */ = {
			isa = XCConfigurationList;
			buildConfigurations = (
				AFE0B3101D395FB700EE034E /* Debug */,
				AFE0B3111D395FB700EE034E /* Release */,
			);
			defaultConfigurationIsVisible = 0;
			defaultConfigurationName = Release;
		};
		AFE0B3121D395FB700EE034E /* Build configuration list for PBXNativeTarget "DeckOfCards" */ = {
			isa = XCConfigurationList;
			buildConfigurations = (
				AFE0B3131D395FB700EE034E /* Debug */,
				AFE0B3141D395FB700EE034E /* Release */,
			);
			defaultConfigurationIsVisible = 0;
			defaultConfigurationName = Release;
		};
		AFE0B3151D395FB700EE034E /* Build configuration list for PBXNativeTarget "DeckOfCardsTests" */ = {
			isa = XCConfigurationList;
			buildConfigurations = (
				AFE0B3161D395FB700EE034E /* Debug */,
				AFE0B3171D395FB700EE034E /* Release */,
			);
			defaultConfigurationIsVisible = 0;
			defaultConfigurationName = Release;
		};
/* End XCConfigurationList section */
	};
	rootObject = AFE0B2E81D395FB700EE034E /* Project object */;
}
